
Microsoft Visual Studio Solution File, Format Version 12.00
# Visual Studio 15
VisualStudioVersion = 15.0.28010.2036
MinimumVisualStudioVersion = 10.0.40219.1
Project("{9A19103F-16F7-4668-BE54-9A1E7A4F7556}") = "EPC_PolarBearSaver9001", "EPC PolarBearSaver9001\EPC_PolarBearSaver9001.csproj", "{D3B3EAB3-75ED-4E77-9E47-CB7D4EEC2011}"
EndProject
Project("{9A19103F-16F7-4668-BE54-9A1E7A4F7556}") = "DBContext", "DBContext\DBContext.csproj", "{C9E136AC-980C-453C-AEC7-0A30021675C6}"
EndProject
Project("{9A19103F-16F7-4668-BE54-9A1E7A4F7556}") = "EPCAPICaller", "EPCAPICaller\EPCAPICaller.csproj", "{8DF164A2-54E1-46D6-80CA-0E278503C9AD}"
EndProject
Project("{9A19103F-16F7-4668-BE54-9A1E7A4F7556}") = "API", "API\API.csproj", "{69D7364F-BBFE-4868-A92D-C9DDD9C3500F}"
EndProject
Global
	GlobalSection(SolutionConfigurationPlatforms) = preSolution
		Debug|Any CPU = Debug|Any CPU
		Release|Any CPU = Release|Any CPU
	EndGlobalSection
	GlobalSection(ProjectConfigurationPlatforms) = postSolution
		{D3B3EAB3-75ED-4E77-9E47-CB7D4EEC2011}.Debug|Any CPU.ActiveCfg = Debug|Any CPU
		{D3B3EAB3-75ED-4E77-9E47-CB7D4EEC2011}.Debug|Any CPU.Build.0 = Debug|Any CPU
		{D3B3EAB3-75ED-4E77-9E47-CB7D4EEC2011}.Release|Any CPU.ActiveCfg = Release|Any CPU
		{D3B3EAB3-75ED-4E77-9E47-CB7D4EEC2011}.Release|Any CPU.Build.0 = Release|Any CPU
		{C9E136AC-980C-453C-AEC7-0A30021675C6}.Debug|Any CPU.ActiveCfg = Debug|Any CPU
		{C9E136AC-980C-453C-AEC7-0A30021675C6}.Debug|Any CPU.Build.0 = Debug|Any CPU
		{C9E136AC-980C-453C-AEC7-0A30021675C6}.Release|Any CPU.ActiveCfg = Release|Any CPU
		{C9E136AC-980C-453C-AEC7-0A30021675C6}.Release|Any CPU.Build.0 = Release|Any CPU
		{8DF164A2-54E1-46D6-80CA-0E278503C9AD}.Debug|Any CPU.ActiveCfg = Debug|Any CPU
		{8DF164A2-54E1-46D6-80CA-0E278503C9AD}.Debug|Any CPU.Build.0 = Debug|Any CPU
		{8DF164A2-54E1-46D6-80CA-0E278503C9AD}.Release|Any CPU.ActiveCfg = Release|Any CPU
		{8DF164A2-54E1-46D6-80CA-0E278503C9AD}.Release|Any CPU.Build.0 = Release|Any CPU
		{69D7364F-BBFE-4868-A92D-C9DDD9C3500F}.Debug|Any CPU.ActiveCfg = Debug|Any CPU
		{69D7364F-BBFE-4868-A92D-C9DDD9C3500F}.Debug|Any CPU.Build.0 = Debug|Any CPU
		{69D7364F-BBFE-4868-A92D-C9DDD9C3500F}.Release|Any CPU.ActiveCfg = Release|Any CPU
		{69D7364F-BBFE-4868-A92D-C9DDD9C3500F}.Release|Any CPU.Build.0 = Release|Any CPU
	EndGlobalSection
	GlobalSection(SolutionProperties) = preSolution
		HideSolutionNode = FALSE
	EndGlobalSection
	GlobalSection(ExtensibilityGlobals) = postSolution
		SolutionGuid = {6AC32814-2BED-4408-B169-790E4F1EB9CE}
	EndGlobalSection
EndGlobal
